
Microsoft Visual Studio Solution File, Format Version 12.00
Project("{FAE04EC0-301F-11D3-BF4B-00C04F79EFBC}") = "Module1-Assignment-B", "Module1-Assignment-B\Module1-Assignment-B.csproj", "{600CBE92-2C67-4680-BAF9-1ABA1066221C}"
EndProject
Global
	GlobalSection(SolutionConfigurationPlatforms) = preSolution
		Debug|Any CPU = Debug|Any CPU
		Release|Any CPU = Release|Any CPU
	EndGlobalSection
	GlobalSection(ProjectConfigurationPlatforms) = postSolution
		{600CBE92-2C67-4680-BAF9-1ABA1066221C}.Debug|Any CPU.ActiveCfg = Debug|Any CPU
		{600CBE92-2C67-4680-BAF9-1ABA1066221C}.Debug|Any CPU.Build.0 = Debug|Any CPU
		{600CBE92-2C67-4680-BAF9-1ABA1066221C}.Release|Any CPU.ActiveCfg = Release|Any CPU
		{600CBE92-2C67-4680-BAF9-1ABA1066221C}.Release|Any CPU.Build.0 = Release|Any CPU
	EndGlobalSection
EndGlobal
